
Microsoft Visual Studio Solution File, Format Version 12.00
# Visual Studio 2012
Project("{2857B73E-F847-4B02-9238-064979017E93}") = "TicTacToe", "TicTacToe\TicTacToe.cproj", "{4A6FE4C8-6A74-4EE4-89F7-8D66E27B6BD4}"
EndProject
Global
	GlobalSection(SolutionConfigurationPlatforms) = preSolution
		Debug|Any CPU = Debug|Any CPU
		Release|Any CPU = Release|Any CPU
	EndGlobalSection
	GlobalSection(ProjectConfigurationPlatforms) = postSolution
		{4A6FE4C8-6A74-4EE4-89F7-8D66E27B6BD4}.Debug|Any CPU.ActiveCfg = Debug|Any CPU
		{4A6FE4C8-6A74-4EE4-89F7-8D66E27B6BD4}.Debug|Any CPU.Build.0 = Debug|Any CPU
		{4A6FE4C8-6A74-4EE4-89F7-8D66E27B6BD4}.Release|Any CPU.ActiveCfg = Release|Any CPU
		{4A6FE4C8-6A74-4EE4-89F7-8D66E27B6BD4}.Release|Any CPU.Build.0 = Release|Any CPU
	EndGlobalSection
EndGlobal
